// !$*UTF8*$!
{
	archiveVersion = 1;
	classes = {
	};
	objectVersion = 46;
	objects = {

/* Begin PBXBuildFile section */
		4568DDD919D05474008D237D /* ClockControl.m in Sources */ = {isa = PBXBuildFile; fileRef = 4568DDD819D05474008D237D /* ClockControl.m */; };
		4568DDDC19D054B3008D237D /* NSObject+AlarmClock.m in Sources */ = {isa = PBXBuildFile; fileRef = 4568DDDB19D054B3008D237D /* NSObject+AlarmClock.m */; };
		45EA8D2219C5927A008DEFC4 /* Foundation.framework in Frameworks */ = {isa = PBXBuildFile; fileRef = 45EA8D2119C5927A008DEFC4 /* Foundation.framework */; };
		45EA8D2419C5927A008DEFC4 /* CoreGraphics.framework in Frameworks */ = {isa = PBXBuildFile; fileRef = 45EA8D2319C5927A008DEFC4 /* CoreGraphics.framework */; };
		45EA8D2619C5927A008DEFC4 /* UIKit.framework in Frameworks */ = {isa = PBXBuildFile; fileRef = 45EA8D2519C5927A008DEFC4 /* UIKit.framework */; };
		45EA8D2C19C5927A008DEFC4 /* InfoPlist.strings in Resources */ = {isa = PBXBuildFile; fileRef = 45EA8D2A19C5927A008DEFC4 /* InfoPlist.strings */; };
		45EA8D2E19C5927A008DEFC4 /* main.m in Sources */ = {isa = PBXBuildFile; fileRef = 45EA8D2D19C5927A008DEFC4 /* main.m */; };
		45EA8D3219C5927A008DEFC4 /* AlarmClockAppDelegate.m in Sources */ = {isa = PBXBuildFile; fileRef = 45EA8D3119C5927A008DEFC4 /* AlarmClockAppDelegate.m */; };
		45EA8D3519C5927A008DEFC4 /* Main.storyboard in Resources */ = {isa = PBXBuildFile; fileRef = 45EA8D3319C5927A008DEFC4 /* Main.storyboard */; };
		45EA8D3819C5927A008DEFC4 /* AlarmClockViewController.m in Sources */ = {isa = PBXBuildFile; fileRef = 45EA8D3719C5927A008DEFC4 /* AlarmClockViewController.m */; };
		45EA8D3A19C5927A008DEFC4 /* Images.xcassets in Resources */ = {isa = PBXBuildFile; fileRef = 45EA8D3919C5927A008DEFC4 /* Images.xcassets */; };
		45EA8D4119C5927A008DEFC4 /* XCTest.framework in Frameworks */ = {isa = PBXBuildFile; fileRef = 45EA8D4019C5927A008DEFC4 /* XCTest.framework */; };
		45EA8D4219C5927A008DEFC4 /* Foundation.framework in Frameworks */ = {isa = PBXBuildFile; fileRef = 45EA8D2119C5927A008DEFC4 /* Foundation.framework */; };
		45EA8D4319C5927A008DEFC4 /* UIKit.framework in Frameworks */ = {isa = PBXBuildFile; fileRef = 45EA8D2519C5927A008DEFC4 /* UIKit.framework */; };
		45EA8D4B19C5927A008DEFC4 /* InfoPlist.strings in Resources */ = {isa = PBXBuildFile; fileRef = 45EA8D4919C5927A008DEFC4 /* InfoPlist.strings */; };
		45EA8D4D19C5927A008DEFC4 /* AlarmClockTests.m in Sources */ = {isa = PBXBuildFile; fileRef = 45EA8D4C19C5927A008DEFC4 /* AlarmClockTests.m */; };
		45FCA38719CB2C510037061F /* ClockView.m in Sources */ = {isa = PBXBuildFile; fileRef = 45FCA38619CB2C510037061F /* ClockView.m */; };
/* End PBXBuildFile section */

/* Begin PBXContainerItemProxy section */
		45EA8D4419C5927A008DEFC4 /* PBXContainerItemProxy */ = {
			isa = PBXContainerItemProxy;
			containerPortal = 45EA8D1619C5927A008DEFC4 /* Project object */;
			proxyType = 1;
			remoteGlobalIDString = 45EA8D1D19C5927A008DEFC4;
			remoteInfo = AlarmClock;
		};
/* End PBXContainerItemProxy section */

/* Begin PBXFileReference section */
		4568DDD719D05474008D237D /* ClockControl.h */ = {isa = PBXFileReference; fileEncoding = 4; lastKnownFileType = sourcecode.c.h; name = ClockControl.h; path = ../ClockControl.h; sourceTree = "<group>"; };
		4568DDD819D05474008D237D /* ClockControl.m */ = {isa = PBXFileReference; fileEncoding = 4; lastKnownFileType = sourcecode.c.objc; name = ClockControl.m; path = ../ClockControl.m; sourceTree = "<group>"; };
		4568DDDA19D054B3008D237D /* NSObject+AlarmClock.h */ = {isa = PBXFileReference; fileEncoding = 4; lastKnownFileType = sourcecode.c.h; path = "NSObject+AlarmClock.h"; sourceTree = "<group>"; };
		4568DDDB19D054B3008D237D /* NSObject+AlarmClock.m */ = {isa = PBXFileReference; fileEncoding = 4; lastKnownFileType = sourcecode.c.objc; path = "NSObject+AlarmClock.m"; sourceTree = "<group>"; };
		45EA8D1E19C5927A008DEFC4 /* AlarmClock.app */ = {isa = PBXFileReference; explicitFileType = wrapper.application; includeInIndex = 0; path = AlarmClock.app; sourceTree = BUILT_PRODUCTS_DIR; };
		45EA8D2119C5927A008DEFC4 /* Foundation.framework */ = {isa = PBXFileReference; lastKnownFileType = wrapper.framework; name = Foundation.framework; path = System/Library/Frameworks/Foundation.framework; sourceTree = SDKROOT; };
		45EA8D2319C5927A008DEFC4 /* CoreGraphics.framework */ = {isa = PBXFileReference; lastKnownFileType = wrapper.framework; name = CoreGraphics.framework; path = System/Library/Frameworks/CoreGraphics.framework; sourceTree = SDKROOT; };
		45EA8D2519C5927A008DEFC4 /* UIKit.framework */ = {isa = PBXFileReference; lastKnownFileType = wrapper.framework; name = UIKit.framework; path = System/Library/Frameworks/UIKit.framework; sourceTree = SDKROOT; };
		45EA8D2919C5927A008DEFC4 /* AlarmClock-Info.plist */ = {isa = PBXFileReference; lastKnownFileType = text.plist.xml; path = "AlarmClock-Info.plist"; sourceTree = "<group>"; };
		45EA8D2B19C5927A008DEFC4 /* en */ = {isa = PBXFileReference; lastKnownFileType = text.plist.strings; name = en; path = en.lproj/InfoPlist.strings; sourceTree = "<group>"; };
		45EA8D2D19C5927A008DEFC4 /* main.m */ = {isa = PBXFileReference; lastKnownFileType = sourcecode.c.objc; path = main.m; sourceTree = "<group>"; };
		45EA8D2F19C5927A008DEFC4 /* AlarmClock-Prefix.pch */ = {isa = PBXFileReference; lastKnownFileType = sourcecode.c.h; path = "AlarmClock-Prefix.pch"; sourceTree = "<group>"; };
		45EA8D3019C5927A008DEFC4 /* AlarmClockAppDelegate.h */ = {isa = PBXFileReference; lastKnownFileType = sourcecode.c.h; path = AlarmClockAppDelegate.h; sourceTree = "<group>"; };
		45EA8D3119C5927A008DEFC4 /* AlarmClockAppDelegate.m */ = {isa = PBXFileReference; lastKnownFileType = sourcecode.c.objc; path = AlarmClockAppDelegate.m; sourceTree = "<group>"; };
		45EA8D3419C5927A008DEFC4 /* Base */ = {isa = PBXFileReference; lastKnownFileType = file.storyboard; name = Base; path = Base.lproj/Main.storyboard; sourceTree = "<group>"; };
		45EA8D3619C5927A008DEFC4 /* AlarmClockViewController.h */ = {isa = PBXFileReference; lastKnownFileType = sourcecode.c.h; path = AlarmClockViewController.h; sourceTree = "<group>"; };
		45EA8D3719C5927A008DEFC4 /* AlarmClockViewController.m */ = {isa = PBXFileReference; lastKnownFileType = sourcecode.c.objc; path = AlarmClockViewController.m; sourceTree = "<group>"; };
		45EA8D3919C5927A008DEFC4 /* Images.xcassets */ = {isa = PBXFileReference; lastKnownFileType = folder.assetcatalog; path = Images.xcassets; sourceTree = "<group>"; };
		45EA8D3F19C5927A008DEFC4 /* AlarmClockTests.xctest */ = {isa = PBXFileReference; explicitFileType = wrapper.cfbundle; includeInIndex = 0; path = AlarmClockTests.xctest; sourceTree = BUILT_PRODUCTS_DIR; };
		45EA8D4019C5927A008DEFC4 /* XCTest.framework */ = {isa = PBXFileReference; lastKnownFileType = wrapper.framework; name = XCTest.framework; path = Library/Frameworks/XCTest.framework; sourceTree = DEVELOPER_DIR; };
		45EA8D4819C5927A008DEFC4 /* AlarmClockTests-Info.plist */ = {isa = PBXFileReference; lastKnownFileType = text.plist.xml; path = "AlarmClockTests-Info.plist"; sourceTree = "<group>"; };
		45EA8D4A19C5927A008DEFC4 /* en */ = {isa = PBXFileReference; lastKnownFileType = text.plist.strings; name = en; path = en.lproj/InfoPlist.strings; sourceTree = "<group>"; };
		45EA8D4C19C5927A008DEFC4 /* AlarmClockTests.m */ = {isa = PBXFileReference; lastKnownFileType = sourcecode.c.objc; path = AlarmClockTests.m; sourceTree = "<group>"; };
		45FCA38519CB2C510037061F /* ClockView.h */ = {isa = PBXFileReference; fileEncoding = 4; lastKnownFileType = sourcecode.c.h; name = ClockView.h; path = ../ClockView.h; sourceTree = "<group>"; };
		45FCA38619CB2C510037061F /* ClockView.m */ = {isa = PBXFileReference; fileEncoding = 4; lastKnownFileType = sourcecode.c.objc; name = ClockView.m; path = ../ClockView.m; sourceTree = "<group>"; };
/* End PBXFileReference section */

/* Begin PBXFrameworksBuildPhase section */
		45EA8D1B19C5927A008DEFC4 /* Frameworks */ = {
			isa = PBXFrameworksBuildPhase;
			buildActionMask = 2147483647;
			files = (
				45EA8D2419C5927A008DEFC4 /* CoreGraphics.framework in Frameworks */,
				45EA8D2619C5927A008DEFC4 /* UIKit.framework in Frameworks */,
				45EA8D2219C5927A008DEFC4 /* Foundation.framework in Frameworks */,
			);
			runOnlyForDeploymentPostprocessing = 0;
		};
		45EA8D3C19C5927A008DEFC4 /* Frameworks */ = {
			isa = PBXFrameworksBuildPhase;
			buildActionMask = 2147483647;
			files = (
				45EA8D4119C5927A008DEFC4 /* XCTest.framework in Frameworks */,
				45EA8D4319C5927A008DEFC4 /* UIKit.framework in Frameworks */,
				45EA8D4219C5927A008DEFC4 /* Foundation.framework in Frameworks */,
			);
			runOnlyForDeploymentPostprocessing = 0;
		};
/* End PBXFrameworksBuildPhase section */

/* Begin PBXGroup section */
		45EA8D1519C5927A008DEFC4 = {
			isa = PBXGroup;
			children = (
				4568DDDA19D054B3008D237D /* NSObject+AlarmClock.h */,
				4568DDDB19D054B3008D237D /* NSObject+AlarmClock.m */,
				45EA8D2719C5927A008DEFC4 /* AlarmClock */,
				45EA8D4619C5927A008DEFC4 /* AlarmClockTests */,
				45EA8D2019C5927A008DEFC4 /* Frameworks */,
				45EA8D1F19C5927A008DEFC4 /* Products */,
			);
			sourceTree = "<group>";
		};
		45EA8D1F19C5927A008DEFC4 /* Products */ = {
			isa = PBXGroup;
			children = (
				45EA8D1E19C5927A008DEFC4 /* AlarmClock.app */,
				45EA8D3F19C5927A008DEFC4 /* AlarmClockTests.xctest */,
			);
			name = Products;
			sourceTree = "<group>";
		};
		45EA8D2019C5927A008DEFC4 /* Frameworks */ = {
			isa = PBXGroup;
			children = (
				45EA8D2119C5927A008DEFC4 /* Foundation.framework */,
				45EA8D2319C5927A008DEFC4 /* CoreGraphics.framework */,
				45EA8D2519C5927A008DEFC4 /* UIKit.framework */,
				45EA8D4019C5927A008DEFC4 /* XCTest.framework */,
			);
			name = Frameworks;
			sourceTree = "<group>";
		};
		45EA8D2719C5927A008DEFC4 /* AlarmClock */ = {
			isa = PBXGroup;
			children = (
				4568DDD719D05474008D237D /* ClockControl.h */,
				4568DDD819D05474008D237D /* ClockControl.m */,
				45EA8D3019C5927A008DEFC4 /* AlarmClockAppDelegate.h */,
				45EA8D3119C5927A008DEFC4 /* AlarmClockAppDelegate.m */,
				45EA8D3619C5927A008DEFC4 /* AlarmClockViewController.h */,
				45EA8D3719C5927A008DEFC4 /* AlarmClockViewController.m */,
				45FCA38519CB2C510037061F /* ClockView.h */,
				45FCA38619CB2C510037061F /* ClockView.m */,
				45EA8D3919C5927A008DEFC4 /* Images.xcassets */,
				45EA8D3319C5927A008DEFC4 /* Main.storyboard */,
				45EA8D2819C5927A008DEFC4 /* Supporting Files */,
			);
			path = AlarmClock;
			sourceTree = "<group>";
		};
		45EA8D2819C5927A008DEFC4 /* Supporting Files */ = {
			isa = PBXGroup;
			children = (
				45EA8D2919C5927A008DEFC4 /* AlarmClock-Info.plist */,
				45EA8D2A19C5927A008DEFC4 /* InfoPlist.strings */,
				45EA8D2D19C5927A008DEFC4 /* main.m */,
				45EA8D2F19C5927A008DEFC4 /* AlarmClock-Prefix.pch */,
			);
			name = "Supporting Files";
			sourceTree = "<group>";
		};
		45EA8D4619C5927A008DEFC4 /* AlarmClockTests */ = {
			isa = PBXGroup;
			children = (
				45EA8D4C19C5927A008DEFC4 /* AlarmClockTests.m */,
				45EA8D4719C5927A008DEFC4 /* Supporting Files */,
			);
			path = AlarmClockTests;
			sourceTree = "<group>";
		};
		45EA8D4719C5927A008DEFC4 /* Supporting Files */ = {
			isa = PBXGroup;
			children = (
				45EA8D4819C5927A008DEFC4 /* AlarmClockTests-Info.plist */,
				45EA8D4919C5927A008DEFC4 /* InfoPlist.strings */,
			);
			name = "Supporting Files";
			sourceTree = "<group>";
		};
/* End PBXGroup section */

/* Begin PBXNativeTarget section */
		45EA8D1D19C5927A008DEFC4 /* AlarmClock */ = {
			isa = PBXNativeTarget;
			buildConfigurationList = 45EA8D5019C5927A008DEFC4 /* Build configuration list for PBXNativeTarget "AlarmClock" */;
			buildPhases = (
				45EA8D1A19C5927A008DEFC4 /* Sources */,
				45EA8D1B19C5927A008DEFC4 /* Frameworks */,
				45EA8D1C19C5927A008DEFC4 /* Resources */,
			);
			buildRules = (
			);
			dependencies = (
			);
			name = AlarmClock;
			productName = AlarmClock;
			productReference = 45EA8D1E19C5927A008DEFC4 /* AlarmClock.app */;
			productType = "com.apple.product-type.application";
		};
		45EA8D3E19C5927A008DEFC4 /* AlarmClockTests */ = {
			isa = PBXNativeTarget;
			buildConfigurationList = 45EA8D5319C5927A008DEFC4 /* Build configuration list for PBXNativeTarget "AlarmClockTests" */;
			buildPhases = (
				45EA8D3B19C5927A008DEFC4 /* Sources */,
				45EA8D3C19C5927A008DEFC4 /* Frameworks */,
				45EA8D3D19C5927A008DEFC4 /* Resources */,
			);
			buildRules = (
			);
			dependencies = (
				45EA8D4519C5927A008DEFC4 /* PBXTargetDependency */,
			);
			name = AlarmClockTests;
			productName = AlarmClockTests;
			productReference = 45EA8D3F19C5927A008DEFC4 /* AlarmClockTests.xctest */;
			productType = "com.apple.product-type.bundle.unit-test";
		};
/* End PBXNativeTarget section */

/* Begin PBXProject section */
		45EA8D1619C5927A008DEFC4 /* Project object */ = {
			isa = PBXProject;
			attributes = {
				CLASSPREFIX = AlarmClock;
				LastUpgradeCheck = 0510;
				ORGANIZATIONNAME = "___FULLUSERNAME___";
				TargetAttributes = {
					45EA8D3E19C5927A008DEFC4 = {
						TestTargetID = 45EA8D1D19C5927A008DEFC4;
					};
				};
			};
			buildConfigurationList = 45EA8D1919C5927A008DEFC4 /* Build configuration list for PBXProject "AlarmClock" */;
			compatibilityVersion = "Xcode 3.2";
			developmentRegion = English;
			hasScannedForEncodings = 0;
			knownRegions = (
				en,
				Base,
			);
			mainGroup = 45EA8D1519C5927A008DEFC4;
			productRefGroup = 45EA8D1F19C5927A008DEFC4 /* Products */;
			projectDirPath = "";
			projectRoot = "";
			targets = (
				45EA8D1D19C5927A008DEFC4 /* AlarmClock */,
				45EA8D3E19C5927A008DEFC4 /* AlarmClockTests */,
			);
		};
/* End PBXProject section */

/* Begin PBXResourcesBuildPhase section */
		45EA8D1C19C5927A008DEFC4 /* Resources */ = {
			isa = PBXResourcesBuildPhase;
			buildActionMask = 2147483647;
			files = (
				45EA8D3A19C5927A008DEFC4 /* Images.xcassets in Resources */,
				45EA8D2C19C5927A008DEFC4 /* InfoPlist.strings in Resources */,
				45EA8D3519C5927A008DEFC4 /* Main.storyboard in Resources */,
			);
			runOnlyForDeploymentPostprocessing = 0;
		};
		45EA8D3D19C5927A008DEFC4 /* Resources */ = {
			isa = PBXResourcesBuildPhase;
			buildActionMask = 2147483647;
			files = (
				45EA8D4B19C5927A008DEFC4 /* InfoPlist.strings in Resources */,
			);
			runOnlyForDeploymentPostprocessing = 0;
		};
/* End PBXResourcesBuildPhase section */

/* Begin PBXSourcesBuildPhase section */
		45EA8D1A19C5927A008DEFC4 /* Sources */ = {
			isa = PBXSourcesBuildPhase;
			buildActionMask = 2147483647;
			files = (
				4568DDDC19D054B3008D237D /* NSObject+AlarmClock.m in Sources */,
				45EA8D2E19C5927A008DEFC4 /* main.m in Sources */,
				4568DDD919D05474008D237D /* ClockControl.m in Sources */,
				45FCA38719CB2C510037061F /* ClockView.m in Sources */,
				45EA8D3819C5927A008DEFC4 /* AlarmClockViewController.m in Sources */,
				45EA8D3219C5927A008DEFC4 /* AlarmClockAppDelegate.m in Sources */,
			);
			runOnlyForDeploymentPostprocessing = 0;
		};
		45EA8D3B19C5927A008DEFC4 /* Sources */ = {
			isa = PBXSourcesBuildPhase;
			buildActionMask = 2147483647;
			files = (
				45EA8D4D19C5927A008DEFC4 /* AlarmClockTests.m in Sources */,
			);
			runOnlyForDeploymentPostprocessing = 0;
		};
/* End PBXSourcesBuildPhase section */

/* Begin PBXTargetDependency section */
		45EA8D4519C5927A008DEFC4 /* PBXTargetDependency */ = {
			isa = PBXTargetDependency;
			target = 45EA8D1D19C5927A008DEFC4 /* AlarmClock */;
			targetProxy = 45EA8D4419C5927A008DEFC4 /* PBXContainerItemProxy */;
		};
/* End PBXTargetDependency section */

/* Begin PBXVariantGroup section */
		45EA8D2A19C5927A008DEFC4 /* InfoPlist.strings */ = {
			isa = PBXVariantGroup;
			children = (
				45EA8D2B19C5927A008DEFC4 /* en */,
			);
			name = InfoPlist.strings;
			sourceTree = "<group>";
		};
		45EA8D3319C5927A008DEFC4 /* Main.storyboard */ = {
			isa = PBXVariantGroup;
			children = (
				45EA8D3419C5927A008DEFC4 /* Base */,
			);
			name = Main.storyboard;
			sourceTree = "<group>";
		};
		45EA8D4919C5927A008DEFC4 /* InfoPlist.strings */ = {
			isa = PBXVariantGroup;
			children = (
				45EA8D4A19C5927A008DEFC4 /* en */,
			);
			name = InfoPlist.strings;
			sourceTree = "<group>";
		};
/* End PBXVariantGroup section */

/* Begin XCBuildConfiguration section */
		45EA8D4E19C5927A008DEFC4 /* Debug */ = {
			isa = XCBuildConfiguration;
			buildSettings = {
				ALWAYS_SEARCH_USER_PATHS = NO;
				CLANG_CXX_LANGUAGE_STANDARD = "gnu++0x";
				CLANG_CXX_LIBRARY = "libc++";
				CLANG_ENABLE_MODULES = YES;
				CLANG_ENABLE_OBJC_ARC = YES;
				CLANG_WARN_BOOL_CONVERSION = YES;
				CLANG_WARN_CONSTANT_CONVERSION = YES;
				CLANG_WARN_DIRECT_OBJC_ISA_USAGE = YES_ERROR;
				CLANG_WARN_EMPTY_BODY = YES;
				CLANG_WARN_ENUM_CONVERSION = YES;
				CLANG_WARN_INT_CONVERSION = YES;
				CLANG_WARN_OBJC_ROOT_CLASS = YES_ERROR;
				CLANG_WARN__DUPLICATE_METHOD_MATCH = YES;
				"CODE_SIGN_IDENTITY[sdk=iphoneos*]" = "iPhone Developer";
				COPY_PHASE_STRIP = NO;
				GCC_C_LANGUAGE_STANDARD = gnu99;
				GCC_DYNAMIC_NO_PIC = NO;
				GCC_OPTIMIZATION_LEVEL = 0;
				GCC_PREPROCESSOR_DEFINITIONS = (
					"DEBUG=1",
					"$(inherited)",
				);
				GCC_SYMBOLS_PRIVATE_EXTERN = NO;
				GCC_WARN_64_TO_32_BIT_CONVERSION = YES;
				GCC_WARN_ABOUT_RETURN_TYPE = YES_ERROR;
				GCC_WARN_UNDECLARED_SELECTOR = YES;
				GCC_WARN_UNINITIALIZED_AUTOS = YES_AGGRESSIVE;
				GCC_WARN_UNUSED_FUNCTION = YES;
				GCC_WARN_UNUSED_VARIABLE = YES;
				IPHONEOS_DEPLOYMENT_TARGET = 7.1;
				ONLY_ACTIVE_ARCH = YES;
				SDKROOT = iphoneos;
			};
			name = Debug;
		};
		45EA8D4F19C5927A008DEFC4 /* Release */ = {
			isa = XCBuildConfiguration;
			buildSettings = {
				ALWAYS_SEARCH_USER_PATHS = NO;
				CLANG_CXX_LANGUAGE_STANDARD = "gnu++0x";
				CLANG_CXX_LIBRARY = "libc++";
				CLANG_ENABLE_MODULES = YES;
				CLANG_ENABLE_OBJC_ARC = YES;
				CLANG_WARN_BOOL_CONVERSION = YES;
				CLANG_WARN_CONSTANT_CONVERSION = YES;
				CLANG_WARN_DIRECT_OBJC_ISA_USAGE = YES_ERROR;
				CLANG_WARN_EMPTY_BODY = YES;
				CLANG_WARN_ENUM_CONVERSION = YES;
				CLANG_WARN_INT_CONVERSION = YES;
				CLANG_WARN_OBJC_ROOT_CLASS = YES_ERROR;
				CLANG_WARN__DUPLICATE_METHOD_MATCH = YES;
				"CODE_SIGN_IDENTITY[sdk=iphoneos*]" = "iPhone Developer";
				COPY_PHASE_STRIP = YES;
				ENABLE_NS_ASSERTIONS = NO;
				GCC_C_LANGUAGE_STANDARD = gnu99;
				GCC_WARN_64_TO_32_BIT_CONVERSION = YES;
				GCC_WARN_ABOUT_RETURN_TYPE = YES_ERROR;
				GCC_WARN_UNDECLARED_SELECTOR = YES;
				GCC_WARN_UNINITIALIZED_AUTOS = YES_AGGRESSIVE;
				GCC_WARN_UNUSED_FUNCTION = YES;
				GCC_WARN_UNUSED_VARIABLE = YES;
				IPHONEOS_DEPLOYMENT_TARGET = 7.1;
				SDKROOT = iphoneos;
				VALIDATE_PRODUCT = YES;
			};
			name = Release;
		};
		45EA8D5119C5927A008DEFC4 /* Debug */ = {
			isa = XCBuildConfiguration;
			buildSettings = {
				ASSETCATALOG_COMPILER_APPICON_NAME = AppIcon;
				ASSETCATALOG_COMPILER_LAUNCHIMAGE_NAME = LaunchImage;
				GCC_PRECOMPILE_PREFIX_HEADER = YES;
				GCC_PREFIX_HEADER = "AlarmClock/AlarmClock-Prefix.pch";
				INFOPLIST_FILE = "AlarmClock/AlarmClock-Info.plist";
				PRODUCT_NAME = "$(TARGET_NAME)";
				WRAPPER_EXTENSION = app;
			};
			name = Debug;
		};
		45EA8D5219C5927A008DEFC4 /* Release */ = {
			isa = XCBuildConfiguration;
			buildSettings = {
				ASSETCATALOG_COMPILER_APPICON_NAME = AppIcon;
				ASSETCATALOG_COMPILER_LAUNCHIMAGE_NAME = LaunchImage;
				GCC_PRECOMPILE_PREFIX_HEADER = YES;
				GCC_PREFIX_HEADER = "AlarmClock/AlarmClock-Prefix.pch";
				INFOPLIST_FILE = "AlarmClock/AlarmClock-Info.plist";
				PRODUCT_NAME = "$(TARGET_NAME)";
				WRAPPER_EXTENSION = app;
			};
			name = Release;
		};
		45EA8D5419C5927A008DEFC4 /* Debug */ = {
			isa = XCBuildConfiguration;
			buildSettings = {
				BUNDLE_LOADER = "$(BUILT_PRODUCTS_DIR)/AlarmClock.app/AlarmClock";
				FRAMEWORK_SEARCH_PATHS = (
					"$(SDKROOT)/Developer/Library/Frameworks",
					"$(inherited)",
					"$(DEVELOPER_FRAMEWORKS_DIR)",
				);
				GCC_PRECOMPILE_PREFIX_HEADER = YES;
				GCC_PREFIX_HEADER = "AlarmClock/AlarmClock-Prefix.pch";
				GCC_PREPROCESSOR_DEFINITIONS = (
					"DEBUG=1",
					"$(inherited)",
				);
				INFOPLIST_FILE = "AlarmClockTests/AlarmClockTests-Info.plist";
				PRODUCT_NAME = "$(TARGET_NAME)";
				TEST_HOST = "$(BUNDLE_LOADER)";
				WRAPPER_EXTENSION = xctest;
			};
			name = Debug;
		};
		45EA8D5519C5927A008DEFC4 /* Release */ = {
			isa = XCBuildConfiguration;
			buildSettings = {
				BUNDLE_LOADER = "$(BUILT_PRODUCTS_DIR)/AlarmClock.app/AlarmClock";
				FRAMEWORK_SEARCH_PATHS = (
					"$(SDKROOT)/Developer/Library/Frameworks",
					"$(inherited)",
					"$(DEVELOPER_FRAMEWORKS_DIR)",
				);
				GCC_PRECOMPILE_PREFIX_HEADER = YES;
				GCC_PREFIX_HEADER = "AlarmClock/AlarmClock-Prefix.pch";
				INFOPLIST_FILE = "AlarmClockTests/AlarmClockTests-Info.plist";
				PRODUCT_NAME = "$(TARGET_NAME)";
				TEST_HOST = "$(BUNDLE_LOADER)";
				WRAPPER_EXTENSION = xctest;
			};
			name = Release;
		};
/* End XCBuildConfiguration section */

/* Begin XCConfigurationList section */
		45EA8D1919C5927A008DEFC4 /* Build configuration list for PBXProject "AlarmClock" */ = {
			isa = XCConfigurationList;
			buildConfigurations = (
				45EA8D4E19C5927A008DEFC4 /* Debug */,
				45EA8D4F19C5927A008DEFC4 /* Release */,
			);
			defaultConfigurationIsVisible = 0;
			defaultConfigurationName = Release;
		};
		45EA8D5019C5927A008DEFC4 /* Build configuration list for PBXNativeTarget "AlarmClock" */ = {
			isa = XCConfigurationList;
			buildConfigurations = (
				45EA8D5119C5927A008DEFC4 /* Debug */,
				45EA8D5219C5927A008DEFC4 /* Release */,
			);
			defaultConfigurationIsVisible = 0;
			defaultConfigurationName = Release;
		};
		45EA8D5319C5927A008DEFC4 /* Build configuration list for PBXNativeTarget "AlarmClockTests" */ = {
			isa = XCConfigurationList;
			buildConfigurations = (
				45EA8D5419C5927A008DEFC4 /* Debug */,
				45EA8D5519C5927A008DEFC4 /* Release */,
			);
			defaultConfigurationIsVisible = 0;
			defaultConfigurationName = Release;
		};
/* End XCConfigurationList section */
	};
	rootObject = 45EA8D1619C5927A008DEFC4 /* Project object */;
}
