// !$*UTF8*$!
{
	archiveVersion = 1;
	classes = {
	};
	objectVersion = 46;
	objects = {

/* Begin PBXBuildFile section */
		4567DF9319D1CCAB003B29CF /* Foundation.framework in Frameworks */ = {isa = PBXBuildFile; fileRef = 4567DF9219D1CCAB003B29CF /* Foundation.framework */; };
		4567DF9519D1CCAB003B29CF /* CoreGraphics.framework in Frameworks */ = {isa = PBXBuildFile; fileRef = 4567DF9419D1CCAB003B29CF /* CoreGraphics.framework */; };
		4567DF9719D1CCAB003B29CF /* UIKit.framework in Frameworks */ = {isa = PBXBuildFile; fileRef = 4567DF9619D1CCAB003B29CF /* UIKit.framework */; };
		4567DF9D19D1CCAB003B29CF /* InfoPlist.strings in Resources */ = {isa = PBXBuildFile; fileRef = 4567DF9B19D1CCAB003B29CF /* InfoPlist.strings */; };
		4567DF9F19D1CCAB003B29CF /* main.m in Sources */ = {isa = PBXBuildFile; fileRef = 4567DF9E19D1CCAB003B29CF /* main.m */; };
		4567DFA319D1CCAB003B29CF /* AlarmClockAppDelegate.m in Sources */ = {isa = PBXBuildFile; fileRef = 4567DFA219D1CCAB003B29CF /* AlarmClockAppDelegate.m */; };
		4567DFA619D1CCAB003B29CF /* Main.storyboard in Resources */ = {isa = PBXBuildFile; fileRef = 4567DFA419D1CCAB003B29CF /* Main.storyboard */; };
		4567DFA919D1CCAB003B29CF /* AlarmClockViewController.m in Sources */ = {isa = PBXBuildFile; fileRef = 4567DFA819D1CCAB003B29CF /* AlarmClockViewController.m */; };
		4567DFAB19D1CCAB003B29CF /* Images.xcassets in Resources */ = {isa = PBXBuildFile; fileRef = 4567DFAA19D1CCAB003B29CF /* Images.xcassets */; };
		4567DFB219D1CCAB003B29CF /* XCTest.framework in Frameworks */ = {isa = PBXBuildFile; fileRef = 4567DFB119D1CCAB003B29CF /* XCTest.framework */; };
		4567DFB319D1CCAB003B29CF /* Foundation.framework in Frameworks */ = {isa = PBXBuildFile; fileRef = 4567DF9219D1CCAB003B29CF /* Foundation.framework */; };
		4567DFB419D1CCAB003B29CF /* UIKit.framework in Frameworks */ = {isa = PBXBuildFile; fileRef = 4567DF9619D1CCAB003B29CF /* UIKit.framework */; };
		4567DFBC19D1CCAB003B29CF /* InfoPlist.strings in Resources */ = {isa = PBXBuildFile; fileRef = 4567DFBA19D1CCAB003B29CF /* InfoPlist.strings */; };
		4567DFBE19D1CCAB003B29CF /* ViewsUndViewControllerTests.m in Sources */ = {isa = PBXBuildFile; fileRef = 4567DFBD19D1CCAB003B29CF /* ViewsUndViewControllerTests.m */; };
/* End PBXBuildFile section */

/* Begin PBXContainerItemProxy section */
		4567DFB519D1CCAB003B29CF /* PBXContainerItemProxy */ = {
			isa = PBXContainerItemProxy;
			containerPortal = 4567DF8719D1CCAB003B29CF /* Project object */;
			proxyType = 1;
			remoteGlobalIDString = 4567DF8E19D1CCAB003B29CF;
			remoteInfo = ViewsUndViewController;
		};
/* End PBXContainerItemProxy section */

/* Begin PBXFileReference section */
		4567DF8F19D1CCAB003B29CF /* ViewsUndViewController.app */ = {isa = PBXFileReference; explicitFileType = wrapper.application; includeInIndex = 0; path = ViewsUndViewController.app; sourceTree = BUILT_PRODUCTS_DIR; };
		4567DF9219D1CCAB003B29CF /* Foundation.framework */ = {isa = PBXFileReference; lastKnownFileType = wrapper.framework; name = Foundation.framework; path = System/Library/Frameworks/Foundation.framework; sourceTree = SDKROOT; };
		4567DF9419D1CCAB003B29CF /* CoreGraphics.framework */ = {isa = PBXFileReference; lastKnownFileType = wrapper.framework; name = CoreGraphics.framework; path = System/Library/Frameworks/CoreGraphics.framework; sourceTree = SDKROOT; };
		4567DF9619D1CCAB003B29CF /* UIKit.framework */ = {isa = PBXFileReference; lastKnownFileType = wrapper.framework; name = UIKit.framework; path = System/Library/Frameworks/UIKit.framework; sourceTree = SDKROOT; };
		4567DF9A19D1CCAB003B29CF /* ViewsUndViewController-Info.plist */ = {isa = PBXFileReference; lastKnownFileType = text.plist.xml; path = "ViewsUndViewController-Info.plist"; sourceTree = "<group>"; };
		4567DF9C19D1CCAB003B29CF /* en */ = {isa = PBXFileReference; lastKnownFileType = text.plist.strings; name = en; path = en.lproj/InfoPlist.strings; sourceTree = "<group>"; };
		4567DF9E19D1CCAB003B29CF /* main.m */ = {isa = PBXFileReference; lastKnownFileType = sourcecode.c.objc; path = main.m; sourceTree = "<group>"; };
		4567DFA019D1CCAB003B29CF /* ViewsUndViewController-Prefix.pch */ = {isa = PBXFileReference; lastKnownFileType = sourcecode.c.h; path = "ViewsUndViewController-Prefix.pch"; sourceTree = "<group>"; };
		4567DFA119D1CCAB003B29CF /* AlarmClockAppDelegate.h */ = {isa = PBXFileReference; lastKnownFileType = sourcecode.c.h; path = AlarmClockAppDelegate.h; sourceTree = "<group>"; };
		4567DFA219D1CCAB003B29CF /* AlarmClockAppDelegate.m */ = {isa = PBXFileReference; lastKnownFileType = sourcecode.c.objc; path = AlarmClockAppDelegate.m; sourceTree = "<group>"; };
		4567DFA519D1CCAB003B29CF /* Base */ = {isa = PBXFileReference; lastKnownFileType = file.storyboard; name = Base; path = Base.lproj/Main.storyboard; sourceTree = "<group>"; };
		4567DFA719D1CCAB003B29CF /* AlarmClockViewController.h */ = {isa = PBXFileReference; lastKnownFileType = sourcecode.c.h; path = AlarmClockViewController.h; sourceTree = "<group>"; };
		4567DFA819D1CCAB003B29CF /* AlarmClockViewController.m */ = {isa = PBXFileReference; lastKnownFileType = sourcecode.c.objc; path = AlarmClockViewController.m; sourceTree = "<group>"; };
		4567DFAA19D1CCAB003B29CF /* Images.xcassets */ = {isa = PBXFileReference; lastKnownFileType = folder.assetcatalog; path = Images.xcassets; sourceTree = "<group>"; };
		4567DFB019D1CCAB003B29CF /* ViewsUndViewControllerTests.xctest */ = {isa = PBXFileReference; explicitFileType = wrapper.cfbundle; includeInIndex = 0; path = ViewsUndViewControllerTests.xctest; sourceTree = BUILT_PRODUCTS_DIR; };
		4567DFB119D1CCAB003B29CF /* XCTest.framework */ = {isa = PBXFileReference; lastKnownFileType = wrapper.framework; name = XCTest.framework; path = Library/Frameworks/XCTest.framework; sourceTree = DEVELOPER_DIR; };
		4567DFB919D1CCAB003B29CF /* ViewsUndViewControllerTests-Info.plist */ = {isa = PBXFileReference; lastKnownFileType = text.plist.xml; path = "ViewsUndViewControllerTests-Info.plist"; sourceTree = "<group>"; };
		4567DFBB19D1CCAB003B29CF /* en */ = {isa = PBXFileReference; lastKnownFileType = text.plist.strings; name = en; path = en.lproj/InfoPlist.strings; sourceTree = "<group>"; };
		4567DFBD19D1CCAB003B29CF /* ViewsUndViewControllerTests.m */ = {isa = PBXFileReference; lastKnownFileType = sourcecode.c.objc; path = ViewsUndViewControllerTests.m; sourceTree = "<group>"; };
/* End PBXFileReference section */

/* Begin PBXFrameworksBuildPhase section */
		4567DF8C19D1CCAB003B29CF /* Frameworks */ = {
			isa = PBXFrameworksBuildPhase;
			buildActionMask = 2147483647;
			files = (
				4567DF9519D1CCAB003B29CF /* CoreGraphics.framework in Frameworks */,
				4567DF9719D1CCAB003B29CF /* UIKit.framework in Frameworks */,
				4567DF9319D1CCAB003B29CF /* Foundation.framework in Frameworks */,
			);
			runOnlyForDeploymentPostprocessing = 0;
		};
		4567DFAD19D1CCAB003B29CF /* Frameworks */ = {
			isa = PBXFrameworksBuildPhase;
			buildActionMask = 2147483647;
			files = (
				4567DFB219D1CCAB003B29CF /* XCTest.framework in Frameworks */,
				4567DFB419D1CCAB003B29CF /* UIKit.framework in Frameworks */,
				4567DFB319D1CCAB003B29CF /* Foundation.framework in Frameworks */,
			);
			runOnlyForDeploymentPostprocessing = 0;
		};
/* End PBXFrameworksBuildPhase section */

/* Begin PBXGroup section */
		4567DF8619D1CCAB003B29CF = {
			isa = PBXGroup;
			children = (
				4567DF9819D1CCAB003B29CF /* ViewsUndViewController */,
				4567DFB719D1CCAB003B29CF /* ViewsUndViewControllerTests */,
				4567DF9119D1CCAB003B29CF /* Frameworks */,
				4567DF9019D1CCAB003B29CF /* Products */,
			);
			sourceTree = "<group>";
		};
		4567DF9019D1CCAB003B29CF /* Products */ = {
			isa = PBXGroup;
			children = (
				4567DF8F19D1CCAB003B29CF /* ViewsUndViewController.app */,
				4567DFB019D1CCAB003B29CF /* ViewsUndViewControllerTests.xctest */,
			);
			name = Products;
			sourceTree = "<group>";
		};
		4567DF9119D1CCAB003B29CF /* Frameworks */ = {
			isa = PBXGroup;
			children = (
				4567DF9219D1CCAB003B29CF /* Foundation.framework */,
				4567DF9419D1CCAB003B29CF /* CoreGraphics.framework */,
				4567DF9619D1CCAB003B29CF /* UIKit.framework */,
				4567DFB119D1CCAB003B29CF /* XCTest.framework */,
			);
			name = Frameworks;
			sourceTree = "<group>";
		};
		4567DF9819D1CCAB003B29CF /* ViewsUndViewController */ = {
			isa = PBXGroup;
			children = (
				4567DFA119D1CCAB003B29CF /* AlarmClockAppDelegate.h */,
				4567DFA219D1CCAB003B29CF /* AlarmClockAppDelegate.m */,
				4567DFA419D1CCAB003B29CF /* Main.storyboard */,
				4567DFA719D1CCAB003B29CF /* AlarmClockViewController.h */,
				4567DFA819D1CCAB003B29CF /* AlarmClockViewController.m */,
				4567DFAA19D1CCAB003B29CF /* Images.xcassets */,
				4567DF9919D1CCAB003B29CF /* Supporting Files */,
			);
			path = ViewsUndViewController;
			sourceTree = "<group>";
		};
		4567DF9919D1CCAB003B29CF /* Supporting Files */ = {
			isa = PBXGroup;
			children = (
				4567DF9A19D1CCAB003B29CF /* ViewsUndViewController-Info.plist */,
				4567DF9B19D1CCAB003B29CF /* InfoPlist.strings */,
				4567DF9E19D1CCAB003B29CF /* main.m */,
				4567DFA019D1CCAB003B29CF /* ViewsUndViewController-Prefix.pch */,
			);
			name = "Supporting Files";
			sourceTree = "<group>";
		};
		4567DFB719D1CCAB003B29CF /* ViewsUndViewControllerTests */ = {
			isa = PBXGroup;
			children = (
				4567DFBD19D1CCAB003B29CF /* ViewsUndViewControllerTests.m */,
				4567DFB819D1CCAB003B29CF /* Supporting Files */,
			);
			path = ViewsUndViewControllerTests;
			sourceTree = "<group>";
		};
		4567DFB819D1CCAB003B29CF /* Supporting Files */ = {
			isa = PBXGroup;
			children = (
				4567DFB919D1CCAB003B29CF /* ViewsUndViewControllerTests-Info.plist */,
				4567DFBA19D1CCAB003B29CF /* InfoPlist.strings */,
			);
			name = "Supporting Files";
			sourceTree = "<group>";
		};
/* End PBXGroup section */

/* Begin PBXNativeTarget section */
		4567DF8E19D1CCAB003B29CF /* ViewsUndViewController */ = {
			isa = PBXNativeTarget;
			buildConfigurationList = 4567DFC119D1CCAB003B29CF /* Build configuration list for PBXNativeTarget "ViewsUndViewController" */;
			buildPhases = (
				4567DF8B19D1CCAB003B29CF /* Sources */,
				4567DF8C19D1CCAB003B29CF /* Frameworks */,
				4567DF8D19D1CCAB003B29CF /* Resources */,
			);
			buildRules = (
			);
			dependencies = (
			);
			name = ViewsUndViewController;
			productName = ViewsUndViewController;
			productReference = 4567DF8F19D1CCAB003B29CF /* ViewsUndViewController.app */;
			productType = "com.apple.product-type.application";
		};
		4567DFAF19D1CCAB003B29CF /* ViewsUndViewControllerTests */ = {
			isa = PBXNativeTarget;
			buildConfigurationList = 4567DFC419D1CCAB003B29CF /* Build configuration list for PBXNativeTarget "ViewsUndViewControllerTests" */;
			buildPhases = (
				4567DFAC19D1CCAB003B29CF /* Sources */,
				4567DFAD19D1CCAB003B29CF /* Frameworks */,
				4567DFAE19D1CCAB003B29CF /* Resources */,
			);
			buildRules = (
			);
			dependencies = (
				4567DFB619D1CCAB003B29CF /* PBXTargetDependency */,
			);
			name = ViewsUndViewControllerTests;
			productName = ViewsUndViewControllerTests;
			productReference = 4567DFB019D1CCAB003B29CF /* ViewsUndViewControllerTests.xctest */;
			productType = "com.apple.product-type.bundle.unit-test";
		};
/* End PBXNativeTarget section */

/* Begin PBXProject section */
		4567DF8719D1CCAB003B29CF /* Project object */ = {
			isa = PBXProject;
			attributes = {
				CLASSPREFIX = AlarmClock;
				LastUpgradeCheck = 0510;
				ORGANIZATIONNAME = "David Brünner";
				TargetAttributes = {
					4567DFAF19D1CCAB003B29CF = {
						TestTargetID = 4567DF8E19D1CCAB003B29CF;
					};
				};
			};
			buildConfigurationList = 4567DF8A19D1CCAB003B29CF /* Build configuration list for PBXProject "ViewsUndViewController" */;
			compatibilityVersion = "Xcode 3.2";
			developmentRegion = English;
			hasScannedForEncodings = 0;
			knownRegions = (
				en,
				Base,
			);
			mainGroup = 4567DF8619D1CCAB003B29CF;
			productRefGroup = 4567DF9019D1CCAB003B29CF /* Products */;
			projectDirPath = "";
			projectRoot = "";
			targets = (
				4567DF8E19D1CCAB003B29CF /* ViewsUndViewController */,
				4567DFAF19D1CCAB003B29CF /* ViewsUndViewControllerTests */,
			);
		};
/* End PBXProject section */

/* Begin PBXResourcesBuildPhase section */
		4567DF8D19D1CCAB003B29CF /* Resources */ = {
			isa = PBXResourcesBuildPhase;
			buildActionMask = 2147483647;
			files = (
				4567DFAB19D1CCAB003B29CF /* Images.xcassets in Resources */,
				4567DF9D19D1CCAB003B29CF /* InfoPlist.strings in Resources */,
				4567DFA619D1CCAB003B29CF /* Main.storyboard in Resources */,
			);
			runOnlyForDeploymentPostprocessing = 0;
		};
		4567DFAE19D1CCAB003B29CF /* Resources */ = {
			isa = PBXResourcesBuildPhase;
			buildActionMask = 2147483647;
			files = (
				4567DFBC19D1CCAB003B29CF /* InfoPlist.strings in Resources */,
			);
			runOnlyForDeploymentPostprocessing = 0;
		};
/* End PBXResourcesBuildPhase section */

/* Begin PBXSourcesBuildPhase section */
		4567DF8B19D1CCAB003B29CF /* Sources */ = {
			isa = PBXSourcesBuildPhase;
			buildActionMask = 2147483647;
			files = (
				4567DF9F19D1CCAB003B29CF /* main.m in Sources */,
				4567DFA919D1CCAB003B29CF /* AlarmClockViewController.m in Sources */,
				4567DFA319D1CCAB003B29CF /* AlarmClockAppDelegate.m in Sources */,
			);
			runOnlyForDeploymentPostprocessing = 0;
		};
		4567DFAC19D1CCAB003B29CF /* Sources */ = {
			isa = PBXSourcesBuildPhase;
			buildActionMask = 2147483647;
			files = (
				4567DFBE19D1CCAB003B29CF /* ViewsUndViewControllerTests.m in Sources */,
			);
			runOnlyForDeploymentPostprocessing = 0;
		};
/* End PBXSourcesBuildPhase section */

/* Begin PBXTargetDependency section */
		4567DFB619D1CCAB003B29CF /* PBXTargetDependency */ = {
			isa = PBXTargetDependency;
			target = 4567DF8E19D1CCAB003B29CF /* ViewsUndViewController */;
			targetProxy = 4567DFB519D1CCAB003B29CF /* PBXContainerItemProxy */;
		};
/* End PBXTargetDependency section */

/* Begin PBXVariantGroup section */
		4567DF9B19D1CCAB003B29CF /* InfoPlist.strings */ = {
			isa = PBXVariantGroup;
			children = (
				4567DF9C19D1CCAB003B29CF /* en */,
			);
			name = InfoPlist.strings;
			sourceTree = "<group>";
		};
		4567DFA419D1CCAB003B29CF /* Main.storyboard */ = {
			isa = PBXVariantGroup;
			children = (
				4567DFA519D1CCAB003B29CF /* Base */,
			);
			name = Main.storyboard;
			sourceTree = "<group>";
		};
		4567DFBA19D1CCAB003B29CF /* InfoPlist.strings */ = {
			isa = PBXVariantGroup;
			children = (
				4567DFBB19D1CCAB003B29CF /* en */,
			);
			name = InfoPlist.strings;
			sourceTree = "<group>";
		};
/* End PBXVariantGroup section */

/* Begin XCBuildConfiguration section */
		4567DFBF19D1CCAB003B29CF /* Debug */ = {
			isa = XCBuildConfiguration;
			buildSettings = {
				ALWAYS_SEARCH_USER_PATHS = NO;
				CLANG_CXX_LANGUAGE_STANDARD = "gnu++0x";
				CLANG_CXX_LIBRARY = "libc++";
				CLANG_ENABLE_MODULES = YES;
				CLANG_ENABLE_OBJC_ARC = YES;
				CLANG_WARN_BOOL_CONVERSION = YES;
				CLANG_WARN_CONSTANT_CONVERSION = YES;
				CLANG_WARN_DIRECT_OBJC_ISA_USAGE = YES_ERROR;
				CLANG_WARN_EMPTY_BODY = YES;
				CLANG_WARN_ENUM_CONVERSION = YES;
				CLANG_WARN_INT_CONVERSION = YES;
				CLANG_WARN_OBJC_ROOT_CLASS = YES_ERROR;
				CLANG_WARN__DUPLICATE_METHOD_MATCH = YES;
				"CODE_SIGN_IDENTITY[sdk=iphoneos*]" = "iPhone Developer";
				COPY_PHASE_STRIP = NO;
				GCC_C_LANGUAGE_STANDARD = gnu99;
				GCC_DYNAMIC_NO_PIC = NO;
				GCC_OPTIMIZATION_LEVEL = 0;
				GCC_PREPROCESSOR_DEFINITIONS = (
					"DEBUG=1",
					"$(inherited)",
				);
				GCC_SYMBOLS_PRIVATE_EXTERN = NO;
				GCC_WARN_64_TO_32_BIT_CONVERSION = YES;
				GCC_WARN_ABOUT_RETURN_TYPE = YES_ERROR;
				GCC_WARN_UNDECLARED_SELECTOR = YES;
				GCC_WARN_UNINITIALIZED_AUTOS = YES_AGGRESSIVE;
				GCC_WARN_UNUSED_FUNCTION = YES;
				GCC_WARN_UNUSED_VARIABLE = YES;
				IPHONEOS_DEPLOYMENT_TARGET = 7.1;
				ONLY_ACTIVE_ARCH = YES;
				SDKROOT = iphoneos;
			};
			name = Debug;
		};
		4567DFC019D1CCAB003B29CF /* Release */ = {
			isa = XCBuildConfiguration;
			buildSettings = {
				ALWAYS_SEARCH_USER_PATHS = NO;
				CLANG_CXX_LANGUAGE_STANDARD = "gnu++0x";
				CLANG_CXX_LIBRARY = "libc++";
				CLANG_ENABLE_MODULES = YES;
				CLANG_ENABLE_OBJC_ARC = YES;
				CLANG_WARN_BOOL_CONVERSION = YES;
				CLANG_WARN_CONSTANT_CONVERSION = YES;
				CLANG_WARN_DIRECT_OBJC_ISA_USAGE = YES_ERROR;
				CLANG_WARN_EMPTY_BODY = YES;
				CLANG_WARN_ENUM_CONVERSION = YES;
				CLANG_WARN_INT_CONVERSION = YES;
				CLANG_WARN_OBJC_ROOT_CLASS = YES_ERROR;
				CLANG_WARN__DUPLICATE_METHOD_MATCH = YES;
				"CODE_SIGN_IDENTITY[sdk=iphoneos*]" = "iPhone Developer";
				COPY_PHASE_STRIP = YES;
				ENABLE_NS_ASSERTIONS = NO;
				GCC_C_LANGUAGE_STANDARD = gnu99;
				GCC_WARN_64_TO_32_BIT_CONVERSION = YES;
				GCC_WARN_ABOUT_RETURN_TYPE = YES_ERROR;
				GCC_WARN_UNDECLARED_SELECTOR = YES;
				GCC_WARN_UNINITIALIZED_AUTOS = YES_AGGRESSIVE;
				GCC_WARN_UNUSED_FUNCTION = YES;
				GCC_WARN_UNUSED_VARIABLE = YES;
				IPHONEOS_DEPLOYMENT_TARGET = 7.1;
				SDKROOT = iphoneos;
				VALIDATE_PRODUCT = YES;
			};
			name = Release;
		};
		4567DFC219D1CCAB003B29CF /* Debug */ = {
			isa = XCBuildConfiguration;
			buildSettings = {
				ASSETCATALOG_COMPILER_APPICON_NAME = AppIcon;
				ASSETCATALOG_COMPILER_LAUNCHIMAGE_NAME = LaunchImage;
				GCC_PRECOMPILE_PREFIX_HEADER = YES;
				GCC_PREFIX_HEADER = "ViewsUndViewController/ViewsUndViewController-Prefix.pch";
				INFOPLIST_FILE = "ViewsUndViewController/ViewsUndViewController-Info.plist";
				PRODUCT_NAME = "$(TARGET_NAME)";
				WRAPPER_EXTENSION = app;
			};
			name = Debug;
		};
		4567DFC319D1CCAB003B29CF /* Release */ = {
			isa = XCBuildConfiguration;
			buildSettings = {
				ASSETCATALOG_COMPILER_APPICON_NAME = AppIcon;
				ASSETCATALOG_COMPILER_LAUNCHIMAGE_NAME = LaunchImage;
				GCC_PRECOMPILE_PREFIX_HEADER = YES;
				GCC_PREFIX_HEADER = "ViewsUndViewController/ViewsUndViewController-Prefix.pch";
				INFOPLIST_FILE = "ViewsUndViewController/ViewsUndViewController-Info.plist";
				PRODUCT_NAME = "$(TARGET_NAME)";
				WRAPPER_EXTENSION = app;
			};
			name = Release;
		};
		4567DFC519D1CCAB003B29CF /* Debug */ = {
			isa = XCBuildConfiguration;
			buildSettings = {
				BUNDLE_LOADER = "$(BUILT_PRODUCTS_DIR)/ViewsUndViewController.app/ViewsUndViewController";
				FRAMEWORK_SEARCH_PATHS = (
					"$(SDKROOT)/Developer/Library/Frameworks",
					"$(inherited)",
					"$(DEVELOPER_FRAMEWORKS_DIR)",
				);
				GCC_PRECOMPILE_PREFIX_HEADER = YES;
				GCC_PREFIX_HEADER = "ViewsUndViewController/ViewsUndViewController-Prefix.pch";
				GCC_PREPROCESSOR_DEFINITIONS = (
					"DEBUG=1",
					"$(inherited)",
				);
				INFOPLIST_FILE = "ViewsUndViewControllerTests/ViewsUndViewControllerTests-Info.plist";
				PRODUCT_NAME = "$(TARGET_NAME)";
				TEST_HOST = "$(BUNDLE_LOADER)";
				WRAPPER_EXTENSION = xctest;
			};
			name = Debug;
		};
		4567DFC619D1CCAB003B29CF /* Release */ = {
			isa = XCBuildConfiguration;
			buildSettings = {
				BUNDLE_LOADER = "$(BUILT_PRODUCTS_DIR)/ViewsUndViewController.app/ViewsUndViewController";
				FRAMEWORK_SEARCH_PATHS = (
					"$(SDKROOT)/Developer/Library/Frameworks",
					"$(inherited)",
					"$(DEVELOPER_FRAMEWORKS_DIR)",
				);
				GCC_PRECOMPILE_PREFIX_HEADER = YES;
				GCC_PREFIX_HEADER = "ViewsUndViewController/ViewsUndViewController-Prefix.pch";
				INFOPLIST_FILE = "ViewsUndViewControllerTests/ViewsUndViewControllerTests-Info.plist";
				PRODUCT_NAME = "$(TARGET_NAME)";
				TEST_HOST = "$(BUNDLE_LOADER)";
				WRAPPER_EXTENSION = xctest;
			};
			name = Release;
		};
/* End XCBuildConfiguration section */

/* Begin XCConfigurationList section */
		4567DF8A19D1CCAB003B29CF /* Build configuration list for PBXProject "ViewsUndViewController" */ = {
			isa = XCConfigurationList;
			buildConfigurations = (
				4567DFBF19D1CCAB003B29CF /* Debug */,
				4567DFC019D1CCAB003B29CF /* Release */,
			);
			defaultConfigurationIsVisible = 0;
			defaultConfigurationName = Release;
		};
		4567DFC119D1CCAB003B29CF /* Build configuration list for PBXNativeTarget "ViewsUndViewController" */ = {
			isa = XCConfigurationList;
			buildConfigurations = (
				4567DFC219D1CCAB003B29CF /* Debug */,
				4567DFC319D1CCAB003B29CF /* Release */,
			);
			defaultConfigurationIsVisible = 0;
		};
		4567DFC419D1CCAB003B29CF /* Build configuration list for PBXNativeTarget "ViewsUndViewControllerTests" */ = {
			isa = XCConfigurationList;
			buildConfigurations = (
				4567DFC519D1CCAB003B29CF /* Debug */,
				4567DFC619D1CCAB003B29CF /* Release */,
			);
			defaultConfigurationIsVisible = 0;
		};
/* End XCConfigurationList section */
	};
	rootObject = 4567DF8719D1CCAB003B29CF /* Project object */;
}
